
Microsoft Visual Studio Solution File, Format Version 12.00
# Visual Studio Version 16
VisualStudioVersion = 16.0.31205.134
MinimumVisualStudioVersion = 10.0.40219.1
Project("{2150E333-8FDC-42A3-9474-1A3956D46DE8}") = "Chapter1", "Chapter1", "{C268C03D-97AC-4ADB-8581-41C319AD27AE}"
EndProject
Project("{2150E333-8FDC-42A3-9474-1A3956D46DE8}") = "Chapter2", "Chapter2", "{CDB1E114-B0D8-4BF3-A903-E1299E61C941}"
EndProject
Project("{8BC9CEB8-8B4A-11D0-8D11-00A0C91BC942}") = "Ex_1.3", "Ex_1.2\Ex_1.2.vcxproj", "{846E42FA-C789-4EDE-B5CC-6E4A2D553F2F}"
EndProject
Project("{8BC9CEB8-8B4A-11D0-8D11-00A0C91BC942}") = "Ex_1.4", "Ex_1.4\Ex_1.4.vcxproj", "{7E4A06A1-F6DE-4ACF-A04E-DCDBB3F5FD66}"
EndProject
Project("{8BC9CEB8-8B4A-11D0-8D11-00A0C91BC942}") = "Ex_1.5", "Ex_1.5\Ex_1.5.vcxproj", "{F0A0ADE8-46A6-475A-84CB-60B921B03437}"
EndProject
Project("{8BC9CEB8-8B4A-11D0-8D11-00A0C91BC942}") = "Ex_1.7", "Ex_1.7\Ex_1.7.vcxproj", "{E8D900DC-C1AE-499E-B0DF-A1ECB1759EF1}"
EndProject
Project("{2150E333-8FDC-42A3-9474-1A3956D46DE8}") = "Chapter3", "Chapter3", "{D7CEE445-CFAC-47A3-852A-05776ACEAD2E}"
EndProject
Project("{8BC9CEB8-8B4A-11D0-8D11-00A0C91BC942}") = "Vlad", "Vlad\Vlad.vcxproj", "{D1F75F0D-1D2B-4806-8D42-7E03A5C3ACD6}"
EndProject
Project("{8BC9CEB8-8B4A-11D0-8D11-00A0C91BC942}") = "Ex_1.8", "Ex_1.8\Ex_1.8.vcxproj", "{D712CC87-42BC-4BD0-A94F-4450E9F3C234}"
EndProject
Global
	GlobalSection(SolutionConfigurationPlatforms) = preSolution
		Debug|x64 = Debug|x64
		Debug|x86 = Debug|x86
		Release|x64 = Release|x64
		Release|x86 = Release|x86
	EndGlobalSection
	GlobalSection(ProjectConfigurationPlatforms) = postSolution
		{846E42FA-C789-4EDE-B5CC-6E4A2D553F2F}.Debug|x64.ActiveCfg = Debug|x64
		{846E42FA-C789-4EDE-B5CC-6E4A2D553F2F}.Debug|x64.Build.0 = Debug|x64
		{846E42FA-C789-4EDE-B5CC-6E4A2D553F2F}.Debug|x86.ActiveCfg = Debug|Win32
		{846E42FA-C789-4EDE-B5CC-6E4A2D553F2F}.Debug|x86.Build.0 = Debug|Win32
		{846E42FA-C789-4EDE-B5CC-6E4A2D553F2F}.Release|x64.ActiveCfg = Release|x64
		{846E42FA-C789-4EDE-B5CC-6E4A2D553F2F}.Release|x64.Build.0 = Release|x64
		{846E42FA-C789-4EDE-B5CC-6E4A2D553F2F}.Release|x86.ActiveCfg = Release|Win32
		{846E42FA-C789-4EDE-B5CC-6E4A2D553F2F}.Release|x86.Build.0 = Release|Win32
		{7E4A06A1-F6DE-4ACF-A04E-DCDBB3F5FD66}.Debug|x64.ActiveCfg = Debug|x64
		{7E4A06A1-F6DE-4ACF-A04E-DCDBB3F5FD66}.Debug|x64.Build.0 = Debug|x64
		{7E4A06A1-F6DE-4ACF-A04E-DCDBB3F5FD66}.Debug|x86.ActiveCfg = Debug|Win32
		{7E4A06A1-F6DE-4ACF-A04E-DCDBB3F5FD66}.Debug|x86.Build.0 = Debug|Win32
		{7E4A06A1-F6DE-4ACF-A04E-DCDBB3F5FD66}.Release|x64.ActiveCfg = Release|x64
		{7E4A06A1-F6DE-4ACF-A04E-DCDBB3F5FD66}.Release|x64.Build.0 = Release|x64
		{7E4A06A1-F6DE-4ACF-A04E-DCDBB3F5FD66}.Release|x86.ActiveCfg = Release|Win32
		{7E4A06A1-F6DE-4ACF-A04E-DCDBB3F5FD66}.Release|x86.Build.0 = Release|Win32
		{F0A0ADE8-46A6-475A-84CB-60B921B03437}.Debug|x64.ActiveCfg = Debug|x64
		{F0A0ADE8-46A6-475A-84CB-60B921B03437}.Debug|x64.Build.0 = Debug|x64
		{F0A0ADE8-46A6-475A-84CB-60B921B03437}.Debug|x86.ActiveCfg = Debug|Win32
		{F0A0ADE8-46A6-475A-84CB-60B921B03437}.Debug|x86.Build.0 = Debug|Win32
		{F0A0ADE8-46A6-475A-84CB-60B921B03437}.Release|x64.ActiveCfg = Release|x64
		{F0A0ADE8-46A6-475A-84CB-60B921B03437}.Release|x64.Build.0 = Release|x64
		{F0A0ADE8-46A6-475A-84CB-60B921B03437}.Release|x86.ActiveCfg = Release|Win32
		{F0A0ADE8-46A6-475A-84CB-60B921B03437}.Release|x86.Build.0 = Release|Win32
		{E8D900DC-C1AE-499E-B0DF-A1ECB1759EF1}.Debug|x64.ActiveCfg = Debug|x64
		{E8D900DC-C1AE-499E-B0DF-A1ECB1759EF1}.Debug|x64.Build.0 = Debug|x64
		{E8D900DC-C1AE-499E-B0DF-A1ECB1759EF1}.Debug|x86.ActiveCfg = Debug|Win32
		{E8D900DC-C1AE-499E-B0DF-A1ECB1759EF1}.Debug|x86.Build.0 = Debug|Win32
		{E8D900DC-C1AE-499E-B0DF-A1ECB1759EF1}.Release|x64.ActiveCfg = Release|x64
		{E8D900DC-C1AE-499E-B0DF-A1ECB1759EF1}.Release|x64.Build.0 = Release|x64
		{E8D900DC-C1AE-499E-B0DF-A1ECB1759EF1}.Release|x86.ActiveCfg = Release|Win32
		{E8D900DC-C1AE-499E-B0DF-A1ECB1759EF1}.Release|x86.Build.0 = Release|Win32
		{D1F75F0D-1D2B-4806-8D42-7E03A5C3ACD6}.Debug|x64.ActiveCfg = Debug|x64
		{D1F75F0D-1D2B-4806-8D42-7E03A5C3ACD6}.Debug|x64.Build.0 = Debug|x64
		{D1F75F0D-1D2B-4806-8D42-7E03A5C3ACD6}.Debug|x86.ActiveCfg = Debug|Win32
		{D1F75F0D-1D2B-4806-8D42-7E03A5C3ACD6}.Debug|x86.Build.0 = Debug|Win32
		{D1F75F0D-1D2B-4806-8D42-7E03A5C3ACD6}.Release|x64.ActiveCfg = Release|x64
		{D1F75F0D-1D2B-4806-8D42-7E03A5C3ACD6}.Release|x64.Build.0 = Release|x64
		{D1F75F0D-1D2B-4806-8D42-7E03A5C3ACD6}.Release|x86.ActiveCfg = Release|Win32
		{D1F75F0D-1D2B-4806-8D42-7E03A5C3ACD6}.Release|x86.Build.0 = Release|Win32
		{D712CC87-42BC-4BD0-A94F-4450E9F3C234}.Debug|x64.ActiveCfg = Debug|x64
		{D712CC87-42BC-4BD0-A94F-4450E9F3C234}.Debug|x64.Build.0 = Debug|x64
		{D712CC87-42BC-4BD0-A94F-4450E9F3C234}.Debug|x86.ActiveCfg = Debug|Win32
		{D712CC87-42BC-4BD0-A94F-4450E9F3C234}.Debug|x86.Build.0 = Debug|Win32
		{D712CC87-42BC-4BD0-A94F-4450E9F3C234}.Release|x64.ActiveCfg = Release|x64
		{D712CC87-42BC-4BD0-A94F-4450E9F3C234}.Release|x64.Build.0 = Release|x64
		{D712CC87-42BC-4BD0-A94F-4450E9F3C234}.Release|x86.ActiveCfg = Release|Win32
		{D712CC87-42BC-4BD0-A94F-4450E9F3C234}.Release|x86.Build.0 = Release|Win32
	EndGlobalSection
	GlobalSection(SolutionProperties) = preSolution
		HideSolutionNode = FALSE
	EndGlobalSection
	GlobalSection(NestedProjects) = preSolution
		{846E42FA-C789-4EDE-B5CC-6E4A2D553F2F} = {C268C03D-97AC-4ADB-8581-41C319AD27AE}
		{7E4A06A1-F6DE-4ACF-A04E-DCDBB3F5FD66} = {C268C03D-97AC-4ADB-8581-41C319AD27AE}
		{F0A0ADE8-46A6-475A-84CB-60B921B03437} = {C268C03D-97AC-4ADB-8581-41C319AD27AE}
		{E8D900DC-C1AE-499E-B0DF-A1ECB1759EF1} = {C268C03D-97AC-4ADB-8581-41C319AD27AE}
		{D1F75F0D-1D2B-4806-8D42-7E03A5C3ACD6} = {CDB1E114-B0D8-4BF3-A903-E1299E61C941}
		{D712CC87-42BC-4BD0-A94F-4450E9F3C234} = {C268C03D-97AC-4ADB-8581-41C319AD27AE}
	EndGlobalSection
	GlobalSection(ExtensibilityGlobals) = postSolution
		SolutionGuid = {D80D1983-2E85-489D-BAEE-3DBC048E2BC2}
	EndGlobalSection
EndGlobal
