
Microsoft Visual Studio Solution File, Format Version 12.00
# Visual Studio Version 16
VisualStudioVersion = 16.0.31205.134
MinimumVisualStudioVersion = 10.0.40219.1
Project("{2150E333-8FDC-42A3-9474-1A3956D46DE8}") = "Chapter1", "Chapter1", "{C268C03D-97AC-4ADB-8581-41C319AD27AE}"
EndProject
Project("{2150E333-8FDC-42A3-9474-1A3956D46DE8}") = "Chapter2", "Chapter2", "{CDB1E114-B0D8-4BF3-A903-E1299E61C941}"
EndProject
Project("{8BC9CEB8-8B4A-11D0-8D11-00A0C91BC942}") = "Ex_1.3", "Ex_1.2\Ex_1.2.vcxproj", "{846E42FA-C789-4EDE-B5CC-6E4A2D553F2F}"
EndProject
Project("{8BC9CEB8-8B4A-11D0-8D11-00A0C91BC942}") = "Ex_1.4", "Ex_1.4\Ex_1.4.vcxproj", "{7E4A06A1-F6DE-4ACF-A04E-DCDBB3F5FD66}"
EndProject
Project("{8BC9CEB8-8B4A-11D0-8D11-00A0C91BC942}") = "Ex_1.5", "Ex_1.5\Ex_1.5.vcxproj", "{F0A0ADE8-46A6-475A-84CB-60B921B03437}"
EndProject
Project("{8BC9CEB8-8B4A-11D0-8D11-00A0C91BC942}") = "Ex_1.7", "Ex_1.7\Ex_1.7.vcxproj", "{E8D900DC-C1AE-499E-B0DF-A1ECB1759EF1}"
EndProject
Project("{2150E333-8FDC-42A3-9474-1A3956D46DE8}") = "Chapter3", "Chapter3", "{D7CEE445-CFAC-47A3-852A-05776ACEAD2E}"
EndProject
Project("{8BC9CEB8-8B4A-11D0-8D11-00A0C91BC942}") = "Vlad", "Vlad\Vlad.vcxproj", "{D1F75F0D-1D2B-4806-8D42-7E03A5C3ACD6}"
EndProject
Project("{8BC9CEB8-8B4A-11D0-8D11-00A0C91BC942}") = "Ex_1.8", "Ex_1.8\Ex_1.8.vcxproj", "{D712CC87-42BC-4BD0-A94F-4450E9F3C234}"
EndProject
Project("{8BC9CEB8-8B4A-11D0-8D11-00A0C91BC942}") = "Ex_1.9", "Ex_1.9\Ex_1.9.vcxproj", "{03178883-6AAE-45E5-9FFC-7B9A518501FE}"
EndProject
Project("{8BC9CEB8-8B4A-11D0-8D11-00A0C91BC942}") = "Ex_1.10", "Ex_1.10\Ex_1.10.vcxproj", "{B61E230C-F1A0-40D0-B47E-390646FF98C5}"
EndProject
Project("{8BC9CEB8-8B4A-11D0-8D11-00A0C91BC942}") = "Ex_1.11", "Ex_1.11\Ex_1.11.vcxproj", "{9F19E860-7CD4-411F-8FEF-A5BCB1631D42}"
EndProject
Project("{2150E333-8FDC-42A3-9474-1A3956D46DE8}") = "Solution Items", "Solution Items", "{2EA289C4-2237-4292-8D62-A2E1CE104C18}"
	ProjectSection(SolutionItems) = preProject
		main_template.cpp = main_template.cpp
	EndProjectSection
EndProject
Project("{8BC9CEB8-8B4A-11D0-8D11-00A0C91BC942}") = "Ex_1.13(ex)", "Ex_1.13(ex)\Ex_1.13(ex).vcxproj", "{1F84D6BE-E79C-4FF5-BB28-84BA4C8A9DE9}"
EndProject
Project("{8BC9CEB8-8B4A-11D0-8D11-00A0C91BC942}") = "Ex_1.12", "Ex_1.12\Ex_1.12.vcxproj", "{819D0F02-E5E3-4906-8253-A97363073C9B}"
EndProject
Project("{8BC9CEB8-8B4A-11D0-8D11-00A0C91BC942}") = "Ex_1.13", "Ex_1.13\Ex_1.13.vcxproj", "{19693C80-E4D3-4A26-8CFE-6514A07731C6}"
EndProject
Project("{8BC9CEB8-8B4A-11D0-8D11-00A0C91BC942}") = "Max_ar", "Max_ar\Max_ar.vcxproj", "{598C54DF-51D7-47E6-AA9A-16BB2EE8CDE7}"
EndProject
Project("{8BC9CEB8-8B4A-11D0-8D11-00A0C91BC942}") = "Palindrom_array", "Pal_ar\Pal_ar.vcxproj", "{CA0382AE-C70B-4A4D-84AD-875BD410F2D1}"
EndProject
Project("{8BC9CEB8-8B4A-11D0-8D11-00A0C91BC942}") = "F_power", "F_power\F_power.vcxproj", "{A9D25435-0DB8-40E2-8F73-D559F6A3FB30}"
EndProject
Project("{8BC9CEB8-8B4A-11D0-8D11-00A0C91BC942}") = "Ex_1.15", "Ex_1.15\Ex_1.15.vcxproj", "{4FA55984-7D07-470E-98B2-D782C1A31C04}"
EndProject
Project("{8BC9CEB8-8B4A-11D0-8D11-00A0C91BC942}") = "Symbol_array", "Symbol_array\Symbol_array.vcxproj", "{051E673C-8669-4F79-9470-849B08D725AF}"
EndProject
Project("{8BC9CEB8-8B4A-11D0-8D11-00A0C91BC942}") = "Ex_1.18", "Ex_1.18\Ex_1.18.vcxproj", "{129F6303-263C-43B8-A4D1-2A493EBC4E25}"
EndProject
Project("{8BC9CEB8-8B4A-11D0-8D11-00A0C91BC942}") = "Ex_1.17", "Ex_1.17\Ex_1.17.vcxproj", "{F8F8C772-5FC2-40B8-97C5-F7926B1B26D6}"
EndProject
Project("{8BC9CEB8-8B4A-11D0-8D11-00A0C91BC942}") = "Ex_1.19", "Ex_1.19\Ex_1.19.vcxproj", "{6EAC6398-764E-4C6D-A525-18017C0F2274}"
EndProject
Project("{8BC9CEB8-8B4A-11D0-8D11-00A0C91BC942}") = "Ex_1.20", "Ex_1.20\Ex_1.20.vcxproj", "{4EE9CA07-FBA1-42E9-B191-38A20B9E68DF}"
EndProject
Project("{8BC9CEB8-8B4A-11D0-8D11-00A0C91BC942}") = "Ex_1.21", "Ex_1.21\Ex_1.21.vcxproj", "{9CAE95EE-F342-400C-A76A-426D7F8B7489}"
EndProject
Project("{8BC9CEB8-8B4A-11D0-8D11-00A0C91BC942}") = "Ex_1.23", "Ex_1.23\Ex_1.23.vcxproj", "{8B2AC82B-6938-4F74-97B4-B3BA6451F2BC}"
EndProject
Project("{8BC9CEB8-8B4A-11D0-8D11-00A0C91BC942}") = "Ex_1.24", "Ex_1.24\Ex_1.24.vcxproj", "{173E6354-0FB2-47FF-BB81-D46F2A839351}"
EndProject
Project("{8BC9CEB8-8B4A-11D0-8D11-00A0C91BC942}") = "Ex_1.22", "Ex_1.22\Ex_1.22.vcxproj", "{D4C83C9D-5FD1-47B3-946B-FD5F1D93C0A8}"
EndProject
Project("{8BC9CEB8-8B4A-11D0-8D11-00A0C91BC942}") = "Word_wrap", "Word_wrap\Word_wrap.vcxproj", "{9EE2606A-7408-4D61-AD51-90A22D6C4DA7}"
EndProject
Project("{8BC9CEB8-8B4A-11D0-8D11-00A0C91BC942}") = "Ex_2.1", "Project1\Project1.vcxproj", "{DB770643-C797-47C1-B058-554818EF232E}"
EndProject
Project("{8BC9CEB8-8B4A-11D0-8D11-00A0C91BC942}") = "Ex_2.2", "Ex_2.2\Ex_2.2.vcxproj", "{F2BB7CC3-246A-4EDE-9496-DF826433CF0D}"
EndProject
Project("{8BC9CEB8-8B4A-11D0-8D11-00A0C91BC942}") = "Ex_2.3", "Ex_2.3\Ex_2.3.vcxproj", "{589B5B6F-17FC-4FF9-B91D-EAA5A26AF2AE}"
EndProject
Project("{8BC9CEB8-8B4A-11D0-8D11-00A0C91BC942}") = "Ex_2.4", "Ex_2.4\Ex_2.4.vcxproj", "{7504C9ED-9185-4C7B-A2A0-E8FBE40D9FF3}"
EndProject
Project("{8BC9CEB8-8B4A-11D0-8D11-00A0C91BC942}") = "Ex_2.5", "Ex_2.5\Ex_2.5.vcxproj", "{639AA547-76DE-4F94-92F4-E0E954B37FE0}"
EndProject
Global
	GlobalSection(SolutionConfigurationPlatforms) = preSolution
		Debug|x64 = Debug|x64
		Debug|x86 = Debug|x86
		Release|x64 = Release|x64
		Release|x86 = Release|x86
	EndGlobalSection
	GlobalSection(ProjectConfigurationPlatforms) = postSolution
		{846E42FA-C789-4EDE-B5CC-6E4A2D553F2F}.Debug|x64.ActiveCfg = Debug|x64
		{846E42FA-C789-4EDE-B5CC-6E4A2D553F2F}.Debug|x64.Build.0 = Debug|x64
		{846E42FA-C789-4EDE-B5CC-6E4A2D553F2F}.Debug|x86.ActiveCfg = Debug|Win32
		{846E42FA-C789-4EDE-B5CC-6E4A2D553F2F}.Debug|x86.Build.0 = Debug|Win32
		{846E42FA-C789-4EDE-B5CC-6E4A2D553F2F}.Release|x64.ActiveCfg = Release|x64
		{846E42FA-C789-4EDE-B5CC-6E4A2D553F2F}.Release|x64.Build.0 = Release|x64
		{846E42FA-C789-4EDE-B5CC-6E4A2D553F2F}.Release|x86.ActiveCfg = Release|Win32
		{846E42FA-C789-4EDE-B5CC-6E4A2D553F2F}.Release|x86.Build.0 = Release|Win32
		{7E4A06A1-F6DE-4ACF-A04E-DCDBB3F5FD66}.Debug|x64.ActiveCfg = Debug|x64
		{7E4A06A1-F6DE-4ACF-A04E-DCDBB3F5FD66}.Debug|x64.Build.0 = Debug|x64
		{7E4A06A1-F6DE-4ACF-A04E-DCDBB3F5FD66}.Debug|x86.ActiveCfg = Debug|Win32
		{7E4A06A1-F6DE-4ACF-A04E-DCDBB3F5FD66}.Debug|x86.Build.0 = Debug|Win32
		{7E4A06A1-F6DE-4ACF-A04E-DCDBB3F5FD66}.Release|x64.ActiveCfg = Release|x64
		{7E4A06A1-F6DE-4ACF-A04E-DCDBB3F5FD66}.Release|x64.Build.0 = Release|x64
		{7E4A06A1-F6DE-4ACF-A04E-DCDBB3F5FD66}.Release|x86.ActiveCfg = Release|Win32
		{7E4A06A1-F6DE-4ACF-A04E-DCDBB3F5FD66}.Release|x86.Build.0 = Release|Win32
		{F0A0ADE8-46A6-475A-84CB-60B921B03437}.Debug|x64.ActiveCfg = Debug|x64
		{F0A0ADE8-46A6-475A-84CB-60B921B03437}.Debug|x64.Build.0 = Debug|x64
		{F0A0ADE8-46A6-475A-84CB-60B921B03437}.Debug|x86.ActiveCfg = Debug|Win32
		{F0A0ADE8-46A6-475A-84CB-60B921B03437}.Debug|x86.Build.0 = Debug|Win32
		{F0A0ADE8-46A6-475A-84CB-60B921B03437}.Release|x64.ActiveCfg = Release|x64
		{F0A0ADE8-46A6-475A-84CB-60B921B03437}.Release|x64.Build.0 = Release|x64
		{F0A0ADE8-46A6-475A-84CB-60B921B03437}.Release|x86.ActiveCfg = Release|Win32
		{F0A0ADE8-46A6-475A-84CB-60B921B03437}.Release|x86.Build.0 = Release|Win32
		{E8D900DC-C1AE-499E-B0DF-A1ECB1759EF1}.Debug|x64.ActiveCfg = Debug|x64
		{E8D900DC-C1AE-499E-B0DF-A1ECB1759EF1}.Debug|x64.Build.0 = Debug|x64
		{E8D900DC-C1AE-499E-B0DF-A1ECB1759EF1}.Debug|x86.ActiveCfg = Debug|Win32
		{E8D900DC-C1AE-499E-B0DF-A1ECB1759EF1}.Debug|x86.Build.0 = Debug|Win32
		{E8D900DC-C1AE-499E-B0DF-A1ECB1759EF1}.Release|x64.ActiveCfg = Release|x64
		{E8D900DC-C1AE-499E-B0DF-A1ECB1759EF1}.Release|x64.Build.0 = Release|x64
		{E8D900DC-C1AE-499E-B0DF-A1ECB1759EF1}.Release|x86.ActiveCfg = Release|Win32
		{E8D900DC-C1AE-499E-B0DF-A1ECB1759EF1}.Release|x86.Build.0 = Release|Win32
		{D1F75F0D-1D2B-4806-8D42-7E03A5C3ACD6}.Debug|x64.ActiveCfg = Debug|x64
		{D1F75F0D-1D2B-4806-8D42-7E03A5C3ACD6}.Debug|x64.Build.0 = Debug|x64
		{D1F75F0D-1D2B-4806-8D42-7E03A5C3ACD6}.Debug|x86.ActiveCfg = Debug|Win32
		{D1F75F0D-1D2B-4806-8D42-7E03A5C3ACD6}.Debug|x86.Build.0 = Debug|Win32
		{D1F75F0D-1D2B-4806-8D42-7E03A5C3ACD6}.Release|x64.ActiveCfg = Release|x64
		{D1F75F0D-1D2B-4806-8D42-7E03A5C3ACD6}.Release|x64.Build.0 = Release|x64
		{D1F75F0D-1D2B-4806-8D42-7E03A5C3ACD6}.Release|x86.ActiveCfg = Release|Win32
		{D1F75F0D-1D2B-4806-8D42-7E03A5C3ACD6}.Release|x86.Build.0 = Release|Win32
		{D712CC87-42BC-4BD0-A94F-4450E9F3C234}.Debug|x64.ActiveCfg = Debug|x64
		{D712CC87-42BC-4BD0-A94F-4450E9F3C234}.Debug|x64.Build.0 = Debug|x64
		{D712CC87-42BC-4BD0-A94F-4450E9F3C234}.Debug|x86.ActiveCfg = Debug|Win32
		{D712CC87-42BC-4BD0-A94F-4450E9F3C234}.Debug|x86.Build.0 = Debug|Win32
		{D712CC87-42BC-4BD0-A94F-4450E9F3C234}.Release|x64.ActiveCfg = Release|x64
		{D712CC87-42BC-4BD0-A94F-4450E9F3C234}.Release|x64.Build.0 = Release|x64
		{D712CC87-42BC-4BD0-A94F-4450E9F3C234}.Release|x86.ActiveCfg = Release|Win32
		{D712CC87-42BC-4BD0-A94F-4450E9F3C234}.Release|x86.Build.0 = Release|Win32
		{03178883-6AAE-45E5-9FFC-7B9A518501FE}.Debug|x64.ActiveCfg = Debug|x64
		{03178883-6AAE-45E5-9FFC-7B9A518501FE}.Debug|x64.Build.0 = Debug|x64
		{03178883-6AAE-45E5-9FFC-7B9A518501FE}.Debug|x86.ActiveCfg = Debug|Win32
		{03178883-6AAE-45E5-9FFC-7B9A518501FE}.Debug|x86.Build.0 = Debug|Win32
		{03178883-6AAE-45E5-9FFC-7B9A518501FE}.Release|x64.ActiveCfg = Release|x64
		{03178883-6AAE-45E5-9FFC-7B9A518501FE}.Release|x64.Build.0 = Release|x64
		{03178883-6AAE-45E5-9FFC-7B9A518501FE}.Release|x86.ActiveCfg = Release|Win32
		{03178883-6AAE-45E5-9FFC-7B9A518501FE}.Release|x86.Build.0 = Release|Win32
		{B61E230C-F1A0-40D0-B47E-390646FF98C5}.Debug|x64.ActiveCfg = Debug|x64
		{B61E230C-F1A0-40D0-B47E-390646FF98C5}.Debug|x64.Build.0 = Debug|x64
		{B61E230C-F1A0-40D0-B47E-390646FF98C5}.Debug|x86.ActiveCfg = Debug|Win32
		{B61E230C-F1A0-40D0-B47E-390646FF98C5}.Debug|x86.Build.0 = Debug|Win32
		{B61E230C-F1A0-40D0-B47E-390646FF98C5}.Release|x64.ActiveCfg = Release|x64
		{B61E230C-F1A0-40D0-B47E-390646FF98C5}.Release|x64.Build.0 = Release|x64
		{B61E230C-F1A0-40D0-B47E-390646FF98C5}.Release|x86.ActiveCfg = Release|Win32
		{B61E230C-F1A0-40D0-B47E-390646FF98C5}.Release|x86.Build.0 = Release|Win32
		{9F19E860-7CD4-411F-8FEF-A5BCB1631D42}.Debug|x64.ActiveCfg = Debug|x64
		{9F19E860-7CD4-411F-8FEF-A5BCB1631D42}.Debug|x64.Build.0 = Debug|x64
		{9F19E860-7CD4-411F-8FEF-A5BCB1631D42}.Debug|x86.ActiveCfg = Debug|Win32
		{9F19E860-7CD4-411F-8FEF-A5BCB1631D42}.Debug|x86.Build.0 = Debug|Win32
		{9F19E860-7CD4-411F-8FEF-A5BCB1631D42}.Release|x64.ActiveCfg = Release|x64
		{9F19E860-7CD4-411F-8FEF-A5BCB1631D42}.Release|x64.Build.0 = Release|x64
		{9F19E860-7CD4-411F-8FEF-A5BCB1631D42}.Release|x86.ActiveCfg = Release|Win32
		{9F19E860-7CD4-411F-8FEF-A5BCB1631D42}.Release|x86.Build.0 = Release|Win32
		{1F84D6BE-E79C-4FF5-BB28-84BA4C8A9DE9}.Debug|x64.ActiveCfg = Debug|x64
		{1F84D6BE-E79C-4FF5-BB28-84BA4C8A9DE9}.Debug|x64.Build.0 = Debug|x64
		{1F84D6BE-E79C-4FF5-BB28-84BA4C8A9DE9}.Debug|x86.ActiveCfg = Debug|Win32
		{1F84D6BE-E79C-4FF5-BB28-84BA4C8A9DE9}.Debug|x86.Build.0 = Debug|Win32
		{1F84D6BE-E79C-4FF5-BB28-84BA4C8A9DE9}.Release|x64.ActiveCfg = Release|x64
		{1F84D6BE-E79C-4FF5-BB28-84BA4C8A9DE9}.Release|x64.Build.0 = Release|x64
		{1F84D6BE-E79C-4FF5-BB28-84BA4C8A9DE9}.Release|x86.ActiveCfg = Release|Win32
		{1F84D6BE-E79C-4FF5-BB28-84BA4C8A9DE9}.Release|x86.Build.0 = Release|Win32
		{819D0F02-E5E3-4906-8253-A97363073C9B}.Debug|x64.ActiveCfg = Debug|x64
		{819D0F02-E5E3-4906-8253-A97363073C9B}.Debug|x64.Build.0 = Debug|x64
		{819D0F02-E5E3-4906-8253-A97363073C9B}.Debug|x86.ActiveCfg = Debug|Win32
		{819D0F02-E5E3-4906-8253-A97363073C9B}.Debug|x86.Build.0 = Debug|Win32
		{819D0F02-E5E3-4906-8253-A97363073C9B}.Release|x64.ActiveCfg = Release|x64
		{819D0F02-E5E3-4906-8253-A97363073C9B}.Release|x64.Build.0 = Release|x64
		{819D0F02-E5E3-4906-8253-A97363073C9B}.Release|x86.ActiveCfg = Release|Win32
		{819D0F02-E5E3-4906-8253-A97363073C9B}.Release|x86.Build.0 = Release|Win32
		{19693C80-E4D3-4A26-8CFE-6514A07731C6}.Debug|x64.ActiveCfg = Debug|x64
		{19693C80-E4D3-4A26-8CFE-6514A07731C6}.Debug|x64.Build.0 = Debug|x64
		{19693C80-E4D3-4A26-8CFE-6514A07731C6}.Debug|x86.ActiveCfg = Debug|Win32
		{19693C80-E4D3-4A26-8CFE-6514A07731C6}.Debug|x86.Build.0 = Debug|Win32
		{19693C80-E4D3-4A26-8CFE-6514A07731C6}.Release|x64.ActiveCfg = Release|x64
		{19693C80-E4D3-4A26-8CFE-6514A07731C6}.Release|x64.Build.0 = Release|x64
		{19693C80-E4D3-4A26-8CFE-6514A07731C6}.Release|x86.ActiveCfg = Release|Win32
		{19693C80-E4D3-4A26-8CFE-6514A07731C6}.Release|x86.Build.0 = Release|Win32
		{598C54DF-51D7-47E6-AA9A-16BB2EE8CDE7}.Debug|x64.ActiveCfg = Debug|x64
		{598C54DF-51D7-47E6-AA9A-16BB2EE8CDE7}.Debug|x64.Build.0 = Debug|x64
		{598C54DF-51D7-47E6-AA9A-16BB2EE8CDE7}.Debug|x86.ActiveCfg = Debug|Win32
		{598C54DF-51D7-47E6-AA9A-16BB2EE8CDE7}.Debug|x86.Build.0 = Debug|Win32
		{598C54DF-51D7-47E6-AA9A-16BB2EE8CDE7}.Release|x64.ActiveCfg = Release|x64
		{598C54DF-51D7-47E6-AA9A-16BB2EE8CDE7}.Release|x64.Build.0 = Release|x64
		{598C54DF-51D7-47E6-AA9A-16BB2EE8CDE7}.Release|x86.ActiveCfg = Release|Win32
		{598C54DF-51D7-47E6-AA9A-16BB2EE8CDE7}.Release|x86.Build.0 = Release|Win32
		{CA0382AE-C70B-4A4D-84AD-875BD410F2D1}.Debug|x64.ActiveCfg = Debug|x64
		{CA0382AE-C70B-4A4D-84AD-875BD410F2D1}.Debug|x64.Build.0 = Debug|x64
		{CA0382AE-C70B-4A4D-84AD-875BD410F2D1}.Debug|x86.ActiveCfg = Debug|Win32
		{CA0382AE-C70B-4A4D-84AD-875BD410F2D1}.Debug|x86.Build.0 = Debug|Win32
		{CA0382AE-C70B-4A4D-84AD-875BD410F2D1}.Release|x64.ActiveCfg = Release|x64
		{CA0382AE-C70B-4A4D-84AD-875BD410F2D1}.Release|x64.Build.0 = Release|x64
		{CA0382AE-C70B-4A4D-84AD-875BD410F2D1}.Release|x86.ActiveCfg = Release|Win32
		{CA0382AE-C70B-4A4D-84AD-875BD410F2D1}.Release|x86.Build.0 = Release|Win32
		{A9D25435-0DB8-40E2-8F73-D559F6A3FB30}.Debug|x64.ActiveCfg = Debug|x64
		{A9D25435-0DB8-40E2-8F73-D559F6A3FB30}.Debug|x64.Build.0 = Debug|x64
		{A9D25435-0DB8-40E2-8F73-D559F6A3FB30}.Debug|x86.ActiveCfg = Debug|Win32
		{A9D25435-0DB8-40E2-8F73-D559F6A3FB30}.Debug|x86.Build.0 = Debug|Win32
		{A9D25435-0DB8-40E2-8F73-D559F6A3FB30}.Release|x64.ActiveCfg = Release|x64
		{A9D25435-0DB8-40E2-8F73-D559F6A3FB30}.Release|x64.Build.0 = Release|x64
		{A9D25435-0DB8-40E2-8F73-D559F6A3FB30}.Release|x86.ActiveCfg = Release|Win32
		{A9D25435-0DB8-40E2-8F73-D559F6A3FB30}.Release|x86.Build.0 = Release|Win32
		{4FA55984-7D07-470E-98B2-D782C1A31C04}.Debug|x64.ActiveCfg = Debug|x64
		{4FA55984-7D07-470E-98B2-D782C1A31C04}.Debug|x64.Build.0 = Debug|x64
		{4FA55984-7D07-470E-98B2-D782C1A31C04}.Debug|x86.ActiveCfg = Debug|Win32
		{4FA55984-7D07-470E-98B2-D782C1A31C04}.Debug|x86.Build.0 = Debug|Win32
		{4FA55984-7D07-470E-98B2-D782C1A31C04}.Release|x64.ActiveCfg = Release|x64
		{4FA55984-7D07-470E-98B2-D782C1A31C04}.Release|x64.Build.0 = Release|x64
		{4FA55984-7D07-470E-98B2-D782C1A31C04}.Release|x86.ActiveCfg = Release|Win32
		{4FA55984-7D07-470E-98B2-D782C1A31C04}.Release|x86.Build.0 = Release|Win32
		{051E673C-8669-4F79-9470-849B08D725AF}.Debug|x64.ActiveCfg = Debug|x64
		{051E673C-8669-4F79-9470-849B08D725AF}.Debug|x64.Build.0 = Debug|x64
		{051E673C-8669-4F79-9470-849B08D725AF}.Debug|x86.ActiveCfg = Debug|Win32
		{051E673C-8669-4F79-9470-849B08D725AF}.Debug|x86.Build.0 = Debug|Win32
		{051E673C-8669-4F79-9470-849B08D725AF}.Release|x64.ActiveCfg = Release|x64
		{051E673C-8669-4F79-9470-849B08D725AF}.Release|x64.Build.0 = Release|x64
		{051E673C-8669-4F79-9470-849B08D725AF}.Release|x86.ActiveCfg = Release|Win32
		{051E673C-8669-4F79-9470-849B08D725AF}.Release|x86.Build.0 = Release|Win32
		{129F6303-263C-43B8-A4D1-2A493EBC4E25}.Debug|x64.ActiveCfg = Debug|x64
		{129F6303-263C-43B8-A4D1-2A493EBC4E25}.Debug|x64.Build.0 = Debug|x64
		{129F6303-263C-43B8-A4D1-2A493EBC4E25}.Debug|x86.ActiveCfg = Debug|Win32
		{129F6303-263C-43B8-A4D1-2A493EBC4E25}.Debug|x86.Build.0 = Debug|Win32
		{129F6303-263C-43B8-A4D1-2A493EBC4E25}.Release|x64.ActiveCfg = Release|x64
		{129F6303-263C-43B8-A4D1-2A493EBC4E25}.Release|x64.Build.0 = Release|x64
		{129F6303-263C-43B8-A4D1-2A493EBC4E25}.Release|x86.ActiveCfg = Release|Win32
		{129F6303-263C-43B8-A4D1-2A493EBC4E25}.Release|x86.Build.0 = Release|Win32
		{F8F8C772-5FC2-40B8-97C5-F7926B1B26D6}.Debug|x64.ActiveCfg = Debug|x64
		{F8F8C772-5FC2-40B8-97C5-F7926B1B26D6}.Debug|x64.Build.0 = Debug|x64
		{F8F8C772-5FC2-40B8-97C5-F7926B1B26D6}.Debug|x86.ActiveCfg = Debug|Win32
		{F8F8C772-5FC2-40B8-97C5-F7926B1B26D6}.Debug|x86.Build.0 = Debug|Win32
		{F8F8C772-5FC2-40B8-97C5-F7926B1B26D6}.Release|x64.ActiveCfg = Release|x64
		{F8F8C772-5FC2-40B8-97C5-F7926B1B26D6}.Release|x64.Build.0 = Release|x64
		{F8F8C772-5FC2-40B8-97C5-F7926B1B26D6}.Release|x86.ActiveCfg = Release|Win32
		{F8F8C772-5FC2-40B8-97C5-F7926B1B26D6}.Release|x86.Build.0 = Release|Win32
		{6EAC6398-764E-4C6D-A525-18017C0F2274}.Debug|x64.ActiveCfg = Debug|x64
		{6EAC6398-764E-4C6D-A525-18017C0F2274}.Debug|x64.Build.0 = Debug|x64
		{6EAC6398-764E-4C6D-A525-18017C0F2274}.Debug|x86.ActiveCfg = Debug|Win32
		{6EAC6398-764E-4C6D-A525-18017C0F2274}.Debug|x86.Build.0 = Debug|Win32
		{6EAC6398-764E-4C6D-A525-18017C0F2274}.Release|x64.ActiveCfg = Release|x64
		{6EAC6398-764E-4C6D-A525-18017C0F2274}.Release|x64.Build.0 = Release|x64
		{6EAC6398-764E-4C6D-A525-18017C0F2274}.Release|x86.ActiveCfg = Release|Win32
		{6EAC6398-764E-4C6D-A525-18017C0F2274}.Release|x86.Build.0 = Release|Win32
		{4EE9CA07-FBA1-42E9-B191-38A20B9E68DF}.Debug|x64.ActiveCfg = Debug|x64
		{4EE9CA07-FBA1-42E9-B191-38A20B9E68DF}.Debug|x64.Build.0 = Debug|x64
		{4EE9CA07-FBA1-42E9-B191-38A20B9E68DF}.Debug|x86.ActiveCfg = Debug|Win32
		{4EE9CA07-FBA1-42E9-B191-38A20B9E68DF}.Debug|x86.Build.0 = Debug|Win32
		{4EE9CA07-FBA1-42E9-B191-38A20B9E68DF}.Release|x64.ActiveCfg = Release|x64
		{4EE9CA07-FBA1-42E9-B191-38A20B9E68DF}.Release|x64.Build.0 = Release|x64
		{4EE9CA07-FBA1-42E9-B191-38A20B9E68DF}.Release|x86.ActiveCfg = Release|Win32
		{4EE9CA07-FBA1-42E9-B191-38A20B9E68DF}.Release|x86.Build.0 = Release|Win32
		{9CAE95EE-F342-400C-A76A-426D7F8B7489}.Debug|x64.ActiveCfg = Debug|x64
		{9CAE95EE-F342-400C-A76A-426D7F8B7489}.Debug|x64.Build.0 = Debug|x64
		{9CAE95EE-F342-400C-A76A-426D7F8B7489}.Debug|x86.ActiveCfg = Debug|Win32
		{9CAE95EE-F342-400C-A76A-426D7F8B7489}.Debug|x86.Build.0 = Debug|Win32
		{9CAE95EE-F342-400C-A76A-426D7F8B7489}.Release|x64.ActiveCfg = Release|x64
		{9CAE95EE-F342-400C-A76A-426D7F8B7489}.Release|x64.Build.0 = Release|x64
		{9CAE95EE-F342-400C-A76A-426D7F8B7489}.Release|x86.ActiveCfg = Release|Win32
		{9CAE95EE-F342-400C-A76A-426D7F8B7489}.Release|x86.Build.0 = Release|Win32
		{8B2AC82B-6938-4F74-97B4-B3BA6451F2BC}.Debug|x64.ActiveCfg = Debug|x64
		{8B2AC82B-6938-4F74-97B4-B3BA6451F2BC}.Debug|x64.Build.0 = Debug|x64
		{8B2AC82B-6938-4F74-97B4-B3BA6451F2BC}.Debug|x86.ActiveCfg = Debug|Win32
		{8B2AC82B-6938-4F74-97B4-B3BA6451F2BC}.Debug|x86.Build.0 = Debug|Win32
		{8B2AC82B-6938-4F74-97B4-B3BA6451F2BC}.Release|x64.ActiveCfg = Release|x64
		{8B2AC82B-6938-4F74-97B4-B3BA6451F2BC}.Release|x64.Build.0 = Release|x64
		{8B2AC82B-6938-4F74-97B4-B3BA6451F2BC}.Release|x86.ActiveCfg = Release|Win32
		{8B2AC82B-6938-4F74-97B4-B3BA6451F2BC}.Release|x86.Build.0 = Release|Win32
		{173E6354-0FB2-47FF-BB81-D46F2A839351}.Debug|x64.ActiveCfg = Debug|x64
		{173E6354-0FB2-47FF-BB81-D46F2A839351}.Debug|x64.Build.0 = Debug|x64
		{173E6354-0FB2-47FF-BB81-D46F2A839351}.Debug|x86.ActiveCfg = Debug|Win32
		{173E6354-0FB2-47FF-BB81-D46F2A839351}.Debug|x86.Build.0 = Debug|Win32
		{173E6354-0FB2-47FF-BB81-D46F2A839351}.Release|x64.ActiveCfg = Release|x64
		{173E6354-0FB2-47FF-BB81-D46F2A839351}.Release|x64.Build.0 = Release|x64
		{173E6354-0FB2-47FF-BB81-D46F2A839351}.Release|x86.ActiveCfg = Release|Win32
		{173E6354-0FB2-47FF-BB81-D46F2A839351}.Release|x86.Build.0 = Release|Win32
		{D4C83C9D-5FD1-47B3-946B-FD5F1D93C0A8}.Debug|x64.ActiveCfg = Debug|x64
		{D4C83C9D-5FD1-47B3-946B-FD5F1D93C0A8}.Debug|x64.Build.0 = Debug|x64
		{D4C83C9D-5FD1-47B3-946B-FD5F1D93C0A8}.Debug|x86.ActiveCfg = Debug|Win32
		{D4C83C9D-5FD1-47B3-946B-FD5F1D93C0A8}.Debug|x86.Build.0 = Debug|Win32
		{D4C83C9D-5FD1-47B3-946B-FD5F1D93C0A8}.Release|x64.ActiveCfg = Release|x64
		{D4C83C9D-5FD1-47B3-946B-FD5F1D93C0A8}.Release|x64.Build.0 = Release|x64
		{D4C83C9D-5FD1-47B3-946B-FD5F1D93C0A8}.Release|x86.ActiveCfg = Release|Win32
		{D4C83C9D-5FD1-47B3-946B-FD5F1D93C0A8}.Release|x86.Build.0 = Release|Win32
		{9EE2606A-7408-4D61-AD51-90A22D6C4DA7}.Debug|x64.ActiveCfg = Debug|x64
		{9EE2606A-7408-4D61-AD51-90A22D6C4DA7}.Debug|x64.Build.0 = Debug|x64
		{9EE2606A-7408-4D61-AD51-90A22D6C4DA7}.Debug|x86.ActiveCfg = Debug|Win32
		{9EE2606A-7408-4D61-AD51-90A22D6C4DA7}.Debug|x86.Build.0 = Debug|Win32
		{9EE2606A-7408-4D61-AD51-90A22D6C4DA7}.Release|x64.ActiveCfg = Release|x64
		{9EE2606A-7408-4D61-AD51-90A22D6C4DA7}.Release|x64.Build.0 = Release|x64
		{9EE2606A-7408-4D61-AD51-90A22D6C4DA7}.Release|x86.ActiveCfg = Release|Win32
		{9EE2606A-7408-4D61-AD51-90A22D6C4DA7}.Release|x86.Build.0 = Release|Win32
		{DB770643-C797-47C1-B058-554818EF232E}.Debug|x64.ActiveCfg = Debug|x64
		{DB770643-C797-47C1-B058-554818EF232E}.Debug|x64.Build.0 = Debug|x64
		{DB770643-C797-47C1-B058-554818EF232E}.Debug|x86.ActiveCfg = Debug|Win32
		{DB770643-C797-47C1-B058-554818EF232E}.Debug|x86.Build.0 = Debug|Win32
		{DB770643-C797-47C1-B058-554818EF232E}.Release|x64.ActiveCfg = Release|x64
		{DB770643-C797-47C1-B058-554818EF232E}.Release|x64.Build.0 = Release|x64
		{DB770643-C797-47C1-B058-554818EF232E}.Release|x86.ActiveCfg = Release|Win32
		{DB770643-C797-47C1-B058-554818EF232E}.Release|x86.Build.0 = Release|Win32
		{F2BB7CC3-246A-4EDE-9496-DF826433CF0D}.Debug|x64.ActiveCfg = Debug|x64
		{F2BB7CC3-246A-4EDE-9496-DF826433CF0D}.Debug|x64.Build.0 = Debug|x64
		{F2BB7CC3-246A-4EDE-9496-DF826433CF0D}.Debug|x86.ActiveCfg = Debug|Win32
		{F2BB7CC3-246A-4EDE-9496-DF826433CF0D}.Debug|x86.Build.0 = Debug|Win32
		{F2BB7CC3-246A-4EDE-9496-DF826433CF0D}.Release|x64.ActiveCfg = Release|x64
		{F2BB7CC3-246A-4EDE-9496-DF826433CF0D}.Release|x64.Build.0 = Release|x64
		{F2BB7CC3-246A-4EDE-9496-DF826433CF0D}.Release|x86.ActiveCfg = Release|Win32
		{F2BB7CC3-246A-4EDE-9496-DF826433CF0D}.Release|x86.Build.0 = Release|Win32
		{589B5B6F-17FC-4FF9-B91D-EAA5A26AF2AE}.Debug|x64.ActiveCfg = Debug|x64
		{589B5B6F-17FC-4FF9-B91D-EAA5A26AF2AE}.Debug|x64.Build.0 = Debug|x64
		{589B5B6F-17FC-4FF9-B91D-EAA5A26AF2AE}.Debug|x86.ActiveCfg = Debug|Win32
		{589B5B6F-17FC-4FF9-B91D-EAA5A26AF2AE}.Debug|x86.Build.0 = Debug|Win32
		{589B5B6F-17FC-4FF9-B91D-EAA5A26AF2AE}.Release|x64.ActiveCfg = Release|x64
		{589B5B6F-17FC-4FF9-B91D-EAA5A26AF2AE}.Release|x64.Build.0 = Release|x64
		{589B5B6F-17FC-4FF9-B91D-EAA5A26AF2AE}.Release|x86.ActiveCfg = Release|Win32
		{589B5B6F-17FC-4FF9-B91D-EAA5A26AF2AE}.Release|x86.Build.0 = Release|Win32
		{7504C9ED-9185-4C7B-A2A0-E8FBE40D9FF3}.Debug|x64.ActiveCfg = Debug|x64
		{7504C9ED-9185-4C7B-A2A0-E8FBE40D9FF3}.Debug|x64.Build.0 = Debug|x64
		{7504C9ED-9185-4C7B-A2A0-E8FBE40D9FF3}.Debug|x86.ActiveCfg = Debug|Win32
		{7504C9ED-9185-4C7B-A2A0-E8FBE40D9FF3}.Debug|x86.Build.0 = Debug|Win32
		{7504C9ED-9185-4C7B-A2A0-E8FBE40D9FF3}.Release|x64.ActiveCfg = Release|x64
		{7504C9ED-9185-4C7B-A2A0-E8FBE40D9FF3}.Release|x64.Build.0 = Release|x64
		{7504C9ED-9185-4C7B-A2A0-E8FBE40D9FF3}.Release|x86.ActiveCfg = Release|Win32
		{7504C9ED-9185-4C7B-A2A0-E8FBE40D9FF3}.Release|x86.Build.0 = Release|Win32
		{639AA547-76DE-4F94-92F4-E0E954B37FE0}.Debug|x64.ActiveCfg = Debug|x64
		{639AA547-76DE-4F94-92F4-E0E954B37FE0}.Debug|x64.Build.0 = Debug|x64
		{639AA547-76DE-4F94-92F4-E0E954B37FE0}.Debug|x86.ActiveCfg = Debug|Win32
		{639AA547-76DE-4F94-92F4-E0E954B37FE0}.Debug|x86.Build.0 = Debug|Win32
		{639AA547-76DE-4F94-92F4-E0E954B37FE0}.Release|x64.ActiveCfg = Release|x64
		{639AA547-76DE-4F94-92F4-E0E954B37FE0}.Release|x64.Build.0 = Release|x64
		{639AA547-76DE-4F94-92F4-E0E954B37FE0}.Release|x86.ActiveCfg = Release|Win32
		{639AA547-76DE-4F94-92F4-E0E954B37FE0}.Release|x86.Build.0 = Release|Win32
	EndGlobalSection
	GlobalSection(SolutionProperties) = preSolution
		HideSolutionNode = FALSE
	EndGlobalSection
	GlobalSection(NestedProjects) = preSolution
		{846E42FA-C789-4EDE-B5CC-6E4A2D553F2F} = {C268C03D-97AC-4ADB-8581-41C319AD27AE}
		{7E4A06A1-F6DE-4ACF-A04E-DCDBB3F5FD66} = {C268C03D-97AC-4ADB-8581-41C319AD27AE}
		{F0A0ADE8-46A6-475A-84CB-60B921B03437} = {C268C03D-97AC-4ADB-8581-41C319AD27AE}
		{E8D900DC-C1AE-499E-B0DF-A1ECB1759EF1} = {C268C03D-97AC-4ADB-8581-41C319AD27AE}
		{D1F75F0D-1D2B-4806-8D42-7E03A5C3ACD6} = {CDB1E114-B0D8-4BF3-A903-E1299E61C941}
		{D712CC87-42BC-4BD0-A94F-4450E9F3C234} = {C268C03D-97AC-4ADB-8581-41C319AD27AE}
		{03178883-6AAE-45E5-9FFC-7B9A518501FE} = {C268C03D-97AC-4ADB-8581-41C319AD27AE}
		{B61E230C-F1A0-40D0-B47E-390646FF98C5} = {C268C03D-97AC-4ADB-8581-41C319AD27AE}
		{9F19E860-7CD4-411F-8FEF-A5BCB1631D42} = {C268C03D-97AC-4ADB-8581-41C319AD27AE}
		{1F84D6BE-E79C-4FF5-BB28-84BA4C8A9DE9} = {C268C03D-97AC-4ADB-8581-41C319AD27AE}
		{819D0F02-E5E3-4906-8253-A97363073C9B} = {C268C03D-97AC-4ADB-8581-41C319AD27AE}
		{19693C80-E4D3-4A26-8CFE-6514A07731C6} = {C268C03D-97AC-4ADB-8581-41C319AD27AE}
		{598C54DF-51D7-47E6-AA9A-16BB2EE8CDE7} = {C268C03D-97AC-4ADB-8581-41C319AD27AE}
		{CA0382AE-C70B-4A4D-84AD-875BD410F2D1} = {C268C03D-97AC-4ADB-8581-41C319AD27AE}
		{A9D25435-0DB8-40E2-8F73-D559F6A3FB30} = {C268C03D-97AC-4ADB-8581-41C319AD27AE}
		{4FA55984-7D07-470E-98B2-D782C1A31C04} = {C268C03D-97AC-4ADB-8581-41C319AD27AE}
		{051E673C-8669-4F79-9470-849B08D725AF} = {C268C03D-97AC-4ADB-8581-41C319AD27AE}
		{129F6303-263C-43B8-A4D1-2A493EBC4E25} = {C268C03D-97AC-4ADB-8581-41C319AD27AE}
		{F8F8C772-5FC2-40B8-97C5-F7926B1B26D6} = {C268C03D-97AC-4ADB-8581-41C319AD27AE}
		{6EAC6398-764E-4C6D-A525-18017C0F2274} = {C268C03D-97AC-4ADB-8581-41C319AD27AE}
		{4EE9CA07-FBA1-42E9-B191-38A20B9E68DF} = {C268C03D-97AC-4ADB-8581-41C319AD27AE}
		{9CAE95EE-F342-400C-A76A-426D7F8B7489} = {C268C03D-97AC-4ADB-8581-41C319AD27AE}
		{8B2AC82B-6938-4F74-97B4-B3BA6451F2BC} = {C268C03D-97AC-4ADB-8581-41C319AD27AE}
		{173E6354-0FB2-47FF-BB81-D46F2A839351} = {C268C03D-97AC-4ADB-8581-41C319AD27AE}
		{D4C83C9D-5FD1-47B3-946B-FD5F1D93C0A8} = {C268C03D-97AC-4ADB-8581-41C319AD27AE}
		{9EE2606A-7408-4D61-AD51-90A22D6C4DA7} = {C268C03D-97AC-4ADB-8581-41C319AD27AE}
		{DB770643-C797-47C1-B058-554818EF232E} = {CDB1E114-B0D8-4BF3-A903-E1299E61C941}
		{F2BB7CC3-246A-4EDE-9496-DF826433CF0D} = {CDB1E114-B0D8-4BF3-A903-E1299E61C941}
		{589B5B6F-17FC-4FF9-B91D-EAA5A26AF2AE} = {CDB1E114-B0D8-4BF3-A903-E1299E61C941}
		{7504C9ED-9185-4C7B-A2A0-E8FBE40D9FF3} = {CDB1E114-B0D8-4BF3-A903-E1299E61C941}
		{639AA547-76DE-4F94-92F4-E0E954B37FE0} = {CDB1E114-B0D8-4BF3-A903-E1299E61C941}
	EndGlobalSection
	GlobalSection(ExtensibilityGlobals) = postSolution
		SolutionGuid = {D80D1983-2E85-489D-BAEE-3DBC048E2BC2}
	EndGlobalSection
EndGlobal
